
Microsoft Visual Studio Solution File, Format Version 12.00
Project("{2150E333-8FDC-42A3-9474-1A3956D46DE8}") = "API", "API", "{B2B4013D-6D55-4FA7-A7AC-00B5A2D8FD9C}"
EndProject
Project("{2150E333-8FDC-42A3-9474-1A3956D46DE8}") = "Core", "Core", "{C65A2209-83D5-4ACC-81C6-B2460780CA97}"
EndProject
Project("{2150E333-8FDC-42A3-9474-1A3956D46DE8}") = "Infrastructure", "Infrastructure", "{0BD1DEAA-A38B-4B5C-93CD-0B4291A2EDD0}"
EndProject
Project("{2150E333-8FDC-42A3-9474-1A3956D46DE8}") = "Tests", "Tests", "{FD92129F-4BE7-4462-9F35-CFCF69C6F4D7}"
EndProject
Project("{FAE04EC0-301F-11D3-BF4B-00C04F79EFBC}") = "CleanTeeth.Domain", "CleanTeeth.Domain\CleanTeeth.Domain.csproj", "{BD468C24-4763-4C4F-BF12-DCFFF1C8DDBB}"
EndProject
Project("{FAE04EC0-301F-11D3-BF4B-00C04F79EFBC}") = "CleanTeeth.Test", "CleanTeeth.Test\CleanTeeth.Test.csproj", "{964C512F-6DA3-4358-986A-4781625C0A33}"
EndProject
Project("{FAE04EC0-301F-11D3-BF4B-00C04F79EFBC}") = "CleanTeeth.Application", "CleanTeeth.Application\CleanTeeth.Application.csproj", "{A9468641-2CBF-46AF-AA5F-D46F6797880E}"
EndProject
Project("{FAE04EC0-301F-11D3-BF4B-00C04F79EFBC}") = "CleanTeeth.Persistence", "CleanTeeth.Persistence\CleanTeeth.Persistence.csproj", "{9B80C3FA-9E2F-4A8C-8E41-096312EA5428}"
EndProject
Project("{FAE04EC0-301F-11D3-BF4B-00C04F79EFBC}") = "CleanTeeth.API", "API\CleanTeeth.API\CleanTeeth.API.csproj", "{9CDA339A-7E16-4AA4-B671-B50F1C5B6560}"
EndProject
Project("{FAE04EC0-301F-11D3-BF4B-00C04F79EFBC}") = "CleanTeeth.Infrastructure", "CleanTeeth.Infrastructure\CleanTeeth.Infrastructure.csproj", "{4CCCDA8E-B6EF-484C-B79F-9EF3BC7B858A}"
EndProject
Project("{FAE04EC0-301F-11D3-BF4B-00C04F79EFBC}") = "CleanTeeth.Security", "CleanTeeth.Security\CleanTeeth.Security.csproj", "{1749A218-3AD5-4977-94EA-D1E22CD10AEA}"
EndProject
Global
	GlobalSection(SolutionConfigurationPlatforms) = preSolution
		Debug|Any CPU = Debug|Any CPU
		Release|Any CPU = Release|Any CPU
	EndGlobalSection
	GlobalSection(NestedProjects) = preSolution
		{BD468C24-4763-4C4F-BF12-DCFFF1C8DDBB} = {C65A2209-83D5-4ACC-81C6-B2460780CA97}
		{964C512F-6DA3-4358-986A-4781625C0A33} = {FD92129F-4BE7-4462-9F35-CFCF69C6F4D7}
		{A9468641-2CBF-46AF-AA5F-D46F6797880E} = {C65A2209-83D5-4ACC-81C6-B2460780CA97}
		{9B80C3FA-9E2F-4A8C-8E41-096312EA5428} = {0BD1DEAA-A38B-4B5C-93CD-0B4291A2EDD0}
		{9CDA339A-7E16-4AA4-B671-B50F1C5B6560} = {B2B4013D-6D55-4FA7-A7AC-00B5A2D8FD9C}
		{4CCCDA8E-B6EF-484C-B79F-9EF3BC7B858A} = {0BD1DEAA-A38B-4B5C-93CD-0B4291A2EDD0}
		{1749A218-3AD5-4977-94EA-D1E22CD10AEA} = {0BD1DEAA-A38B-4B5C-93CD-0B4291A2EDD0}
	EndGlobalSection
	GlobalSection(ProjectConfigurationPlatforms) = postSolution
		{BD468C24-4763-4C4F-BF12-DCFFF1C8DDBB}.Debug|Any CPU.ActiveCfg = Debug|Any CPU
		{BD468C24-4763-4C4F-BF12-DCFFF1C8DDBB}.Debug|Any CPU.Build.0 = Debug|Any CPU
		{BD468C24-4763-4C4F-BF12-DCFFF1C8DDBB}.Release|Any CPU.ActiveCfg = Release|Any CPU
		{BD468C24-4763-4C4F-BF12-DCFFF1C8DDBB}.Release|Any CPU.Build.0 = Release|Any CPU
		{964C512F-6DA3-4358-986A-4781625C0A33}.Debug|Any CPU.ActiveCfg = Debug|Any CPU
		{964C512F-6DA3-4358-986A-4781625C0A33}.Debug|Any CPU.Build.0 = Debug|Any CPU
		{964C512F-6DA3-4358-986A-4781625C0A33}.Release|Any CPU.ActiveCfg = Release|Any CPU
		{964C512F-6DA3-4358-986A-4781625C0A33}.Release|Any CPU.Build.0 = Release|Any CPU
		{A9468641-2CBF-46AF-AA5F-D46F6797880E}.Debug|Any CPU.ActiveCfg = Debug|Any CPU
		{A9468641-2CBF-46AF-AA5F-D46F6797880E}.Debug|Any CPU.Build.0 = Debug|Any CPU
		{A9468641-2CBF-46AF-AA5F-D46F6797880E}.Release|Any CPU.ActiveCfg = Release|Any CPU
		{A9468641-2CBF-46AF-AA5F-D46F6797880E}.Release|Any CPU.Build.0 = Release|Any CPU
		{9B80C3FA-9E2F-4A8C-8E41-096312EA5428}.Debug|Any CPU.ActiveCfg = Debug|Any CPU
		{9B80C3FA-9E2F-4A8C-8E41-096312EA5428}.Debug|Any CPU.Build.0 = Debug|Any CPU
		{9B80C3FA-9E2F-4A8C-8E41-096312EA5428}.Release|Any CPU.ActiveCfg = Release|Any CPU
		{9B80C3FA-9E2F-4A8C-8E41-096312EA5428}.Release|Any CPU.Build.0 = Release|Any CPU
		{9CDA339A-7E16-4AA4-B671-B50F1C5B6560}.Debug|Any CPU.ActiveCfg = Debug|Any CPU
		{9CDA339A-7E16-4AA4-B671-B50F1C5B6560}.Debug|Any CPU.Build.0 = Debug|Any CPU
		{9CDA339A-7E16-4AA4-B671-B50F1C5B6560}.Release|Any CPU.ActiveCfg = Release|Any CPU
		{9CDA339A-7E16-4AA4-B671-B50F1C5B6560}.Release|Any CPU.Build.0 = Release|Any CPU
		{4CCCDA8E-B6EF-484C-B79F-9EF3BC7B858A}.Debug|Any CPU.ActiveCfg = Debug|Any CPU
		{4CCCDA8E-B6EF-484C-B79F-9EF3BC7B858A}.Debug|Any CPU.Build.0 = Debug|Any CPU
		{4CCCDA8E-B6EF-484C-B79F-9EF3BC7B858A}.Release|Any CPU.ActiveCfg = Release|Any CPU
		{4CCCDA8E-B6EF-484C-B79F-9EF3BC7B858A}.Release|Any CPU.Build.0 = Release|Any CPU
		{1749A218-3AD5-4977-94EA-D1E22CD10AEA}.Debug|Any CPU.ActiveCfg = Debug|Any CPU
		{1749A218-3AD5-4977-94EA-D1E22CD10AEA}.Debug|Any CPU.Build.0 = Debug|Any CPU
		{1749A218-3AD5-4977-94EA-D1E22CD10AEA}.Release|Any CPU.ActiveCfg = Release|Any CPU
		{1749A218-3AD5-4977-94EA-D1E22CD10AEA}.Release|Any CPU.Build.0 = Release|Any CPU
	EndGlobalSection
EndGlobal
